PODS:
  - RxBlocking (6.9.0):
    - RxSwift (= 6.9.0)
  - RxCocoa (6.9.0):
    - RxRelay (= 6.9.0)
    - RxSwift (= 6.9.0)
  - RxRelay (6.9.0):
    - RxSwift (= 6.9.0)
  - RxSwift (6.9.0)
  - SwiftLint (0.59.1)

DEPENDENCIES:
  - RxBlocking
  - RxCocoa
  - RxSwift
  - SwiftLint

SPEC REPOS:
  trunk:
    - RxBlocking
    - RxCocoa
    - RxRelay
    - RxSwift
    - SwiftLint

SPEC CHECKSUMS:
  RxBlocking: 5d2b26d019b6ba9eb3f58638611f124609c44822
  RxCocoa: ac16414696ae706516be3e1ab00fcce5bdc9be8a
  RxRelay: 6b0c930e5cef57d5fe2032571e5e65b78e3cbdb1
  RxSwift: 31649ace6aceeb422e16ff71c60804f9c3281ed9
  SwiftLint: 3d48e2fb2a3468fdaccf049e5e755df22fb40c2c

PODFILE CHECKSUM: b647397fe16cb3b91bf05d261934b978afb24030

COCOAPODS: 1.16.2
